Microsoft Visual Studio Solution File, Format Version 12.00
# Visual Studio Version 17
VisualStudioVersion = 17.11.35208.52
MinimumVisualStudioVersion = 10.0.40219.1
Project("{FAE04EC0-301F-11D3-BF4B-00C04F79EFBC}") = "AspireAppDemo.AppHost", "AspireAppDemo.AppHost\AspireAppDemo.AppHost.csproj", "{199A73B5-F4CA-49A8-86A3-BE70EDC19B42}"
EndProject
Project("{9A19103F-16F7-4668-BE54-9A1E7A4F7556}") = "AspireAppDemo.ServiceDefaults", "AspireAppDemo.ServiceDefaults\AspireAppDemo.ServiceDefaults.csproj", "{0A9EC5B0-4841-4EB7-A1DC-905066146D22}"
EndProject
Project("{9A19103F-16F7-4668-BE54-9A1E7A4F7556}") = "AspireAppDemo.ApiService", "AspireAppDemo.ApiService\AspireAppDemo.ApiService.csproj", "{C68856D7-D1DB-46D4-A898-94D14C0112CA}"
EndProject
Project("{9A19103F-16F7-4668-BE54-9A1E7A4F7556}") = "AspireAppDemo.Web", "AspireAppDemo.Web\AspireAppDemo.Web.csproj", "{F7002CE5-5A64-4D43-B49A-2ED9B7E73F3B}"
EndProject
Global
	GlobalSection(SolutionConfigurationPlatforms) = preSolution
		Debug|Any CPU = Debug|Any CPU
		Debug|x64 = Debug|x64
		Debug|x86 = Debug|x86
		Release|Any CPU = Release|Any CPU
		Release|x64 = Release|x64
		Release|x86 = Release|x86
	EndGlobalSection
	GlobalSection(ProjectConfigurationPlatforms) = postSolution
		{199A73B5-F4CA-49A8-86A3-BE70EDC19B42}.Debug|Any CPU.ActiveCfg = Debug|Any CPU
		{199A73B5-F4CA-49A8-86A3-BE70EDC19B42}.Debug|Any CPU.Build.0 = Debug|Any CPU
		{199A73B5-F4CA-49A8-86A3-BE70EDC19B42}.Debug|x64.ActiveCfg = Debug|Any CPU
		{199A73B5-F4CA-49A8-86A3-BE70EDC19B42}.Debug|x64.Build.0 = Debug|Any CPU
		{199A73B5-F4CA-49A8-86A3-BE70EDC19B42}.Debug|x86.ActiveCfg = Debug|Any CPU
		{199A73B5-F4CA-49A8-86A3-BE70EDC19B42}.Debug|x86.Build.0 = Debug|Any CPU
		{199A73B5-F4CA-49A8-86A3-BE70EDC19B42}.Release|Any CPU.ActiveCfg = Release|Any CPU
		{199A73B5-F4CA-49A8-86A3-BE70EDC19B42}.Release|Any CPU.Build.0 = Release|Any CPU
		{199A73B5-F4CA-49A8-86A3-BE70EDC19B42}.Release|x64.ActiveCfg = Release|Any CPU
		{199A73B5-F4CA-49A8-86A3-BE70EDC19B42}.Release|x64.Build.0 = Release|Any CPU
		{199A73B5-F4CA-49A8-86A3-BE70EDC19B42}.Release|x86.ActiveCfg = Release|Any CPU
		{199A73B5-F4CA-49A8-86A3-BE70EDC19B42}.Release|x86.Build.0 = Release|Any CPU
		{0A9EC5B0-4841-4EB7-A1DC-905066146D22}.Debug|Any CPU.ActiveCfg = Debug|Any CPU
		{0A9EC5B0-4841-4EB7-A1DC-905066146D22}.Debug|Any CPU.Build.0 = Debug|Any CPU
		{0A9EC5B0-4841-4EB7-A1DC-905066146D22}.Debug|x64.ActiveCfg = Debug|Any CPU
		{0A9EC5B0-4841-4EB7-A1DC-905066146D22}.Debug|x64.Build.0 = Debug|Any CPU
		{0A9EC5B0-4841-4EB7-A1DC-905066146D22}.Debug|x86.ActiveCfg = Debug|Any CPU
		{0A9EC5B0-4841-4EB7-A1DC-905066146D22}.Debug|x86.Build.0 = Debug|Any CPU
		{0A9EC5B0-4841-4EB7-A1DC-905066146D22}.Release|Any CPU.ActiveCfg = Release|Any CPU
		{0A9EC5B0-4841-4EB7-A1DC-905066146D22}.Release|Any CPU.Build.0 = Release|Any CPU
		{0A9EC5B0-4841-4EB7-A1DC-905066146D22}.Release|x64.ActiveCfg = Release|Any CPU
		{0A9EC5B0-4841-4EB7-A1DC-905066146D22}.Release|x64.Build.0 = Release|Any CPU
		{0A9EC5B0-4841-4EB7-A1DC-905066146D22}.Release|x86.ActiveCfg = Release|Any CPU
		{0A9EC5B0-4841-4EB7-A1DC-905066146D22}.Release|x86.Build.0 = Release|Any CPU
		{C68856D7-D1DB-46D4-A898-94D14C0112CA}.Debug|Any CPU.ActiveCfg = Debug|Any CPU
		{C68856D7-D1DB-46D4-A898-94D14C0112CA}.Debug|Any CPU.Build.0 = Debug|Any CPU
		{C68856D7-D1DB-46D4-A898-94D14C0112CA}.Debug|x64.ActiveCfg = Debug|Any CPU
		{C68856D7-D1DB-46D4-A898-94D14C0112CA}.Debug|x64.Build.0 = Debug|Any CPU
		{C68856D7-D1DB-46D4-A898-94D14C0112CA}.Debug|x86.ActiveCfg = Debug|Any CPU
		{C68856D7-D1DB-46D4-A898-94D14C0112CA}.Debug|x86.Build.0 = Debug|Any CPU
		{C68856D7-D1DB-46D4-A898-94D14C0112CA}.Release|Any CPU.ActiveCfg = Release|Any CPU
		{C68856D7-D1DB-46D4-A898-94D14C0112CA}.Release|Any CPU.Build.0 = Release|Any CPU
		{C68856D7-D1DB-46D4-A898-94D14C0112CA}.Release|x64.ActiveCfg = Release|Any CPU
		{C68856D7-D1DB-46D4-A898-94D14C0112CA}.Release|x64.Build.0 = Release|Any CPU
		{C68856D7-D1DB-46D4-A898-94D14C0112CA}.Release|x86.ActiveCfg = Release|Any CPU
		{C68856D7-D1DB-46D4-A898-94D14C0112CA}.Release|x86.Build.0 = Release|Any CPU
		{F7002CE5-5A64-4D43-B49A-2ED9B7E73F3B}.Debug|Any CPU.ActiveCfg = Debug|Any CPU
		{F7002CE5-5A64-4D43-B49A-2ED9B7E73F3B}.Debug|Any CPU.Build.0 = Debug|Any CPU
		{F7002CE5-5A64-4D43-B49A-2ED9B7E73F3B}.Debug|x64.ActiveCfg = Debug|Any CPU
		{F7002CE5-5A64-4D43-B49A-2ED9B7E73F3B}.Debug|x64.Build.0 = Debug|Any CPU
		{F7002CE5-5A64-4D43-B49A-2ED9B7E73F3B}.Debug|x86.ActiveCfg = Debug|Any CPU
		{F7002CE5-5A64-4D43-B49A-2ED9B7E73F3B}.Debug|x86.Build.0 = Debug|Any CPU
		{F7002CE5-5A64-4D43-B49A-2ED9B7E73F3B}.Release|Any CPU.ActiveCfg = Release|Any CPU
		{F7002CE5-5A64-4D43-B49A-2ED9B7E73F3B}.Release|Any CPU.Build.0 = Release|Any CPU
		{F7002CE5-5A64-4D43-B49A-2ED9B7E73F3B}.Release|x64.ActiveCfg = Release|Any CPU
		{F7002CE5-5A64-4D43-B49A-2ED9B7E73F3B}.Release|x64.Build.0 = Release|Any CPU
		{F7002CE5-5A64-4D43-B49A-2ED9B7E73F3B}.Release|x86.ActiveCfg = Release|Any CPU
		{F7002CE5-5A64-4D43-B49A-2ED9B7E73F3B}.Release|x86.Build.0 = Release|Any CPU
	EndGlobalSection
	GlobalSection(SolutionProperties) = preSolution
		HideSolutionNode = FALSE
	EndGlobalSection
	GlobalSection(ExtensibilityGlobals) = postSolution
		SolutionGuid = {B86ED7B6-7C92-41D0-A314-57B01CFB0F08}
	EndGlobalSection
EndGlobal
